{
  "version": 4,
  "terraform_version": "1.6.4",
  "serial": 16,
  "lineage": "7df2e9b9-8ef2-e9cf-97f9-247977ce3fc7",
  "outputs": {},
  "resources": [
    {
      "mode": "managed",
      "type": "local_file",
      "name": "dem_files_tho",
      "provider": "provider[\"registry.terraform.io/hashicorp/local\"]",
      "instances": [
        {
          "index_key": "Bobby",
          "schema_version": 0,
          "attributes": {
            "content": "Bobby is a Terraform wizard!\n",
            "content_base64": null,
            "content_base64sha256": "xQEZoa8qygTRA6wpXERiCqWc/I34tqjdiGbUGOFgXzQ=",
            "content_base64sha512": "tDPZvFqQBL6z626zz66t2FmjRBitRUsVl5fTV3EabxDpW1j4ry9SGYOvnMBsc8RAq+4MheacUBdAgviA8/dO1w==",
            "content_md5": "edbaed1b87f0a8b8ac2b33d3a581b865",
            "content_sha1": "99a58488714f91f1022f9dfb71a8b26d6edc8531",
            "content_sha256": "c50119a1af2aca04d103ac295c44620aa59cfc8df8b6a8dd8866d418e1605f34",
            "content_sha512": "b433d9bc5a9004beb3eb6eb3cfaeadd859a34418ad454b159797d357711a6f10e95b58f8af2f521983af9cc06c73c440abee0c85e69c50174082f880f3f74ed7",
            "directory_permission": "0777",
            "file_permission": "0777",
            "filename": "./peep_files/Bobby_fact.txt",
            "id": "99a58488714f91f1022f9dfb71a8b26d6edc8531",
            "sensitive_content": null,
            "source": null
          },
          "sensitive_attributes": []
        },
        {
          "index_key": "Joe",
          "schema_version": 0,
          "attributes": {
            "content": "Joe is a Terraform wizard!\n",
            "content_base64": null,
            "content_base64sha256": "ZYhH5sF4VIB7MFH2UyXFVOhX02PskDy9DOw9Jr9QbyI=",
            "content_base64sha512": "EUH4JztvXbLsQTdDUZzs8EwOh+CQEVpKYW3FKtIk++mY+CFNoi82jHfBxyz4BVyOjYAvotUUhCAg+0/ZUjs3SA==",
            "content_md5": "a6f173bf50800812eaf353abcf332876",
            "content_sha1": "cfe32806109c84c1d7191723cc666e854656c1f1",
            "content_sha256": "658847e6c17854807b3051f65325c554e857d363ec903cbd0cec3d26bf506f22",
            "content_sha512": "1141f8273b6f5db2ec413743519cecf04c0e87e090115a4a616dc52ad224fbe998f8214da22f368c77c1c72cf8055c8e8d802fa2d514842020fb4fd9523b3748",
            "directory_permission": "0777",
            "file_permission": "0777",
            "filename": "./peep_files/Joe_fact.txt",
            "id": "cfe32806109c84c1d7191723cc666e854656c1f1",
            "sensitive_content": null,
            "source": null
          },
          "sensitive_attributes": []
        },
        {
          "index_key": "Rod",
          "schema_version": 0,
          "attributes": {
            "content": "Rod is a Terraform wizard!\n",
            "content_base64": null,
            "content_base64sha256": "UPRr/7JuLXu+67/HwPflIJDmDWmHyXioMHMFoOg+JhU=",
            "content_base64sha512": "O9zhwpTs1GAILiMwXHQJb0CD3de3AeeLI035pJNYTENWIgV486oYR62HyFzrRHYWtKWSTqKhh+AI0afqUEr8TA==",
            "content_md5": "af3ac9711685a3265d1e194550a25d5b",
            "content_sha1": "0398853eb16e3a03c700f681ce13216c47536262",
            "content_sha256": "50f46bffb26e2d7bbeebbfc7c0f7e52090e60d6987c978a8307305a0e83e2615",
            "content_sha512": "3bdce1c294ecd460082e23305c74096f4083ddd7b701e78b234df9a493584c4356220578f3aa1847ad87c85ceb447616b4a5924ea2a187e008d1a7ea504afc4c",
            "directory_permission": "0777",
            "file_permission": "0777",
            "filename": "./peep_files/Rod_fact.txt",
            "id": "0398853eb16e3a03c700f681ce13216c47536262",
            "sensitive_content": null,
            "source": null
          },
          "sensitive_attributes": []
        },
        {
          "index_key": "Steve",
          "schema_version": 0,
          "attributes": {
            "content": "Steve is a Terraform wizard!\n",
            "content_base64": null,
            "content_base64sha256": "sbA1WgQiIvU1ps4shlTM0GS9rdEQr35abJypIfxvr1E=",
            "content_base64sha512": "kQhVb8AOjQIgmWPWogEthxtf+vVWa6eJH67tvMvwdU4dVAjX5hZRRbYAYJ8obVb1fTpWPC7SZjag6GYyLejxZA==",
            "content_md5": "5f1656972c578c8ca4931f0576a840c0",
            "content_sha1": "1fe271c73c621860a578bc7d133fcbda499453f6",
            "content_sha256": "b1b0355a042222f535a6ce2c8654ccd064bdadd110af7e5a6c9ca921fc6faf51",
            "content_sha512": "9108556fc00e8d02209963d6a2012d871b5ffaf5566ba7891faeedbccbf0754e1d5408d7e6165145b600609f286d56f57d3a563c2ed26636a0e866322de8f164",
            "directory_permission": "0777",
            "file_permission": "0777",
            "filename": "./peep_files/Steve_fact.txt",
            "id": "1fe271c73c621860a578bc7d133fcbda499453f6",
            "sensitive_content": null,
            "source": null
          },
          "sensitive_attributes": []
        },
        {
          "index_key": "Tirumal",
          "schema_version": 0,
          "attributes": {
            "content": "Tirumal is a Terraform wizard!\n",
            "content_base64": null,
            "content_base64sha256": "EgQbq1QiX/Gt2Od7V1np2j/TOMuYJk9buuafJWH+EBY=",
            "content_base64sha512": "08ldYI3QGWmpnHLBupXed5Ya+2lGdZ84qnHu/fzNpC6Y2KX/qoIExYGyKg2s1yuT6OiLvAS4AUzPes98sIaW4g==",
            "content_md5": "35e32bc6d3785a327552a4e78bcbd557",
            "content_sha1": "89cfba8dbbb0a074868ac3302290acf40697008d",
            "content_sha256": "12041bab54225ff1add8e77b5759e9da3fd338cb98264f5bbae69f2561fe1016",
            "content_sha512": "d3c95d608dd01969a99c72c1ba95de77961afb6946759f38aa71eefdfccda42e98d8a5ffaa8204c581b22a0dacd72b93e8e88bbc04b8014ccf7acf7cb08696e2",
            "directory_permission": "0777",
            "file_permission": "0777",
            "filename": "./peep_files/Tirumal_fact.txt",
            "id": "89cfba8dbbb0a074868ac3302290acf40697008d",
            "sensitive_content": null,
            "source": null
          },
          "sensitive_attributes": []
        },
        {
          "index_key": "Tony_D.",
          "schema_version": 0,
          "attributes": {
            "content": "Tony_D. is a Terraform wizard!\n",
            "content_base64": null,
            "content_base64sha256": "ZAZ+unz7a+t3ftN7AR6DnLyFUqPCtSTGi2CmFApnlv8=",
            "content_base64sha512": "sEwcNkRUZh3O+7MjMrVSxpIQ0akwo9tmPX0CZG7p5OEc3cKtlKC7vytp+xBv7ZMkm620wZrPFCKbyQ19xisLfQ==",
            "content_md5": "09ef9d5e1664504d425e82cd4f621840",
            "content_sha1": "15225f0acc1918d11b9b97c2000428e039733845",
            "content_sha256": "64067eba7cfb6beb777ed37b011e839cbc8552a3c2b524c68b60a6140a6796ff",
            "content_sha512": "b04c1c364454661dcefbb32332b552c69210d1a930a3db663d7d02646ee9e4e11cddc2ad94a0bbbf2b69fb106fed93249badb4c19acf14229bc90d7dc62b0b7d",
            "directory_permission": "0777",
            "file_permission": "0777",
            "filename": "./peep_files/Tony_D._fact.txt",
            "id": "15225f0acc1918d11b9b97c2000428e039733845",
            "sensitive_content": null,
            "source": null
          },
          "sensitive_attributes": []
        },
        {
          "index_key": "Tony_S.",
          "schema_version": 0,
          "attributes": {
            "content": "Tony_S. is a Terraform wizard!\n",
            "content_base64": null,
            "content_base64sha256": "hUYBwR+mKEHa15z3XchqcdCSjL5DZnwQxqZqr0GA/Z0=",
            "content_base64sha512": "7oYDjt0V2FnF0DvP2sZGZJuDRK/xefiK1AtbYBYiqB9uOBEPvRe8fiXm+PycxUojAEUNcL7ymuV2EkgHjRunIQ==",
            "content_md5": "0c9e0c4e52d58ee70f585c0c91a750e6",
            "content_sha1": "940368b9ee4c9c9a702170eb9eef50f950fa31f6",
            "content_sha256": "854601c11fa62841dad79cf75dc86a71d0928cbe43667c10c6a66aaf4180fd9d",
            "content_sha512": "ee86038edd15d859c5d03bcfdac646649b8344aff179f88ad40b5b601622a81f6e38110fbd17bc7e25e6f8fc9cc54a2300450d70bef29ae5761248078d1ba721",
            "directory_permission": "0777",
            "file_permission": "0777",
            "filename": "./peep_files/Tony_S._fact.txt",
            "id": "940368b9ee4c9c9a702170eb9eef50f950fa31f6",
            "sensitive_content": null,
            "source": null
          },
          "sensitive_attributes": []
        }
      ]
    }
  ],
  "check_results": null
}
