{
  "version": 4,
  "terraform_version": "1.6.4",
  "serial": 8,
  "lineage": "7df2e9b9-8ef2-e9cf-97f9-247977ce3fc7",
  "outputs": {},
  "resources": [
    {
      "mode": "managed",
      "type": "local_file",
      "name": "dem_files_tho",
      "provider": "provider[\"registry.terraform.io/hashicorp/local\"]",
      "instances": [
        {
          "index_key": "Bobby",
          "schema_version": 0,
          "attributes": {
            "content": "{domain} is a Terraform master!\n",
            "content_base64": null,
            "content_base64sha256": "VW1rXNzlRYBMhvEtMUuXVtDYvLI9tTiaJgbwuHGOU0Q=",
            "content_base64sha512": "dZrumk4DtDlyLDZY5f3fbQmvYtwIh+Ykq1dM3jVGse9MkvtuuvRshGDVtPNkKWaFV/VtJerqxYcdGGlqP750kg==",
            "content_md5": "cc4f9f102fc58f08f15ced2b74b18ae6",
            "content_sha1": "74dc0ef6bda3db0fdf9f9a4de22d2533c50b6f6b",
            "content_sha256": "556d6b5cdce545804c86f12d314b9756d0d8bcb23db5389a2606f0b8718e5344",
            "content_sha512": "759aee9a4e03b439722c3658e5fddf6d09af62dc0887e624ab574cde3546b1ef4c92fb6ebaf46c8460d5b4f36429668557f56d25eaeac5871d18696a3fbe7492",
            "directory_permission": "0777",
            "file_permission": "0777",
            "filename": "./peep_files/Bobby_fact.txt",
            "id": "74dc0ef6bda3db0fdf9f9a4de22d2533c50b6f6b",
            "sensitive_content": null,
            "source": null
          },
          "sensitive_attributes": []
        },
        {
          "index_key": "Joe",
          "schema_version": 0,
          "attributes": {
            "content": "{domain} is a Terraform master!\n",
            "content_base64": null,
            "content_base64sha256": "VW1rXNzlRYBMhvEtMUuXVtDYvLI9tTiaJgbwuHGOU0Q=",
            "content_base64sha512": "dZrumk4DtDlyLDZY5f3fbQmvYtwIh+Ykq1dM3jVGse9MkvtuuvRshGDVtPNkKWaFV/VtJerqxYcdGGlqP750kg==",
            "content_md5": "cc4f9f102fc58f08f15ced2b74b18ae6",
            "content_sha1": "74dc0ef6bda3db0fdf9f9a4de22d2533c50b6f6b",
            "content_sha256": "556d6b5cdce545804c86f12d314b9756d0d8bcb23db5389a2606f0b8718e5344",
            "content_sha512": "759aee9a4e03b439722c3658e5fddf6d09af62dc0887e624ab574cde3546b1ef4c92fb6ebaf46c8460d5b4f36429668557f56d25eaeac5871d18696a3fbe7492",
            "directory_permission": "0777",
            "file_permission": "0777",
            "filename": "./peep_files/Joe_fact.txt",
            "id": "74dc0ef6bda3db0fdf9f9a4de22d2533c50b6f6b",
            "sensitive_content": null,
            "source": null
          },
          "sensitive_attributes": []
        },
        {
          "index_key": "Rod",
          "schema_version": 0,
          "attributes": {
            "content": "{domain} is a Terraform master!\n",
            "content_base64": null,
            "content_base64sha256": "VW1rXNzlRYBMhvEtMUuXVtDYvLI9tTiaJgbwuHGOU0Q=",
            "content_base64sha512": "dZrumk4DtDlyLDZY5f3fbQmvYtwIh+Ykq1dM3jVGse9MkvtuuvRshGDVtPNkKWaFV/VtJerqxYcdGGlqP750kg==",
            "content_md5": "cc4f9f102fc58f08f15ced2b74b18ae6",
            "content_sha1": "74dc0ef6bda3db0fdf9f9a4de22d2533c50b6f6b",
            "content_sha256": "556d6b5cdce545804c86f12d314b9756d0d8bcb23db5389a2606f0b8718e5344",
            "content_sha512": "759aee9a4e03b439722c3658e5fddf6d09af62dc0887e624ab574cde3546b1ef4c92fb6ebaf46c8460d5b4f36429668557f56d25eaeac5871d18696a3fbe7492",
            "directory_permission": "0777",
            "file_permission": "0777",
            "filename": "./peep_files/Rod_fact.txt",
            "id": "74dc0ef6bda3db0fdf9f9a4de22d2533c50b6f6b",
            "sensitive_content": null,
            "source": null
          },
          "sensitive_attributes": []
        },
        {
          "index_key": "Steve",
          "schema_version": 0,
          "attributes": {
            "content": "{domain} is a Terraform master!\n",
            "content_base64": null,
            "content_base64sha256": "VW1rXNzlRYBMhvEtMUuXVtDYvLI9tTiaJgbwuHGOU0Q=",
            "content_base64sha512": "dZrumk4DtDlyLDZY5f3fbQmvYtwIh+Ykq1dM3jVGse9MkvtuuvRshGDVtPNkKWaFV/VtJerqxYcdGGlqP750kg==",
            "content_md5": "cc4f9f102fc58f08f15ced2b74b18ae6",
            "content_sha1": "74dc0ef6bda3db0fdf9f9a4de22d2533c50b6f6b",
            "content_sha256": "556d6b5cdce545804c86f12d314b9756d0d8bcb23db5389a2606f0b8718e5344",
            "content_sha512": "759aee9a4e03b439722c3658e5fddf6d09af62dc0887e624ab574cde3546b1ef4c92fb6ebaf46c8460d5b4f36429668557f56d25eaeac5871d18696a3fbe7492",
            "directory_permission": "0777",
            "file_permission": "0777",
            "filename": "./peep_files/Steve_fact.txt",
            "id": "74dc0ef6bda3db0fdf9f9a4de22d2533c50b6f6b",
            "sensitive_content": null,
            "source": null
          },
          "sensitive_attributes": []
        },
        {
          "index_key": "Tirumal",
          "schema_version": 0,
          "attributes": {
            "content": "{domain} is a Terraform master!\n",
            "content_base64": null,
            "content_base64sha256": "VW1rXNzlRYBMhvEtMUuXVtDYvLI9tTiaJgbwuHGOU0Q=",
            "content_base64sha512": "dZrumk4DtDlyLDZY5f3fbQmvYtwIh+Ykq1dM3jVGse9MkvtuuvRshGDVtPNkKWaFV/VtJerqxYcdGGlqP750kg==",
            "content_md5": "cc4f9f102fc58f08f15ced2b74b18ae6",
            "content_sha1": "74dc0ef6bda3db0fdf9f9a4de22d2533c50b6f6b",
            "content_sha256": "556d6b5cdce545804c86f12d314b9756d0d8bcb23db5389a2606f0b8718e5344",
            "content_sha512": "759aee9a4e03b439722c3658e5fddf6d09af62dc0887e624ab574cde3546b1ef4c92fb6ebaf46c8460d5b4f36429668557f56d25eaeac5871d18696a3fbe7492",
            "directory_permission": "0777",
            "file_permission": "0777",
            "filename": "./peep_files/Tirumal_fact.txt",
            "id": "74dc0ef6bda3db0fdf9f9a4de22d2533c50b6f6b",
            "sensitive_content": null,
            "source": null
          },
          "sensitive_attributes": []
        },
        {
          "index_key": "Tony D.",
          "schema_version": 0,
          "attributes": {
            "content": "{domain} is a Terraform master!\n",
            "content_base64": null,
            "content_base64sha256": "VW1rXNzlRYBMhvEtMUuXVtDYvLI9tTiaJgbwuHGOU0Q=",
            "content_base64sha512": "dZrumk4DtDlyLDZY5f3fbQmvYtwIh+Ykq1dM3jVGse9MkvtuuvRshGDVtPNkKWaFV/VtJerqxYcdGGlqP750kg==",
            "content_md5": "cc4f9f102fc58f08f15ced2b74b18ae6",
            "content_sha1": "74dc0ef6bda3db0fdf9f9a4de22d2533c50b6f6b",
            "content_sha256": "556d6b5cdce545804c86f12d314b9756d0d8bcb23db5389a2606f0b8718e5344",
            "content_sha512": "759aee9a4e03b439722c3658e5fddf6d09af62dc0887e624ab574cde3546b1ef4c92fb6ebaf46c8460d5b4f36429668557f56d25eaeac5871d18696a3fbe7492",
            "directory_permission": "0777",
            "file_permission": "0777",
            "filename": "./peep_files/Tony D._fact.txt",
            "id": "74dc0ef6bda3db0fdf9f9a4de22d2533c50b6f6b",
            "sensitive_content": null,
            "source": null
          },
          "sensitive_attributes": []
        },
        {
          "index_key": "Tony S.",
          "schema_version": 0,
          "attributes": {
            "content": "{domain} is a Terraform master!\n",
            "content_base64": null,
            "content_base64sha256": "VW1rXNzlRYBMhvEtMUuXVtDYvLI9tTiaJgbwuHGOU0Q=",
            "content_base64sha512": "dZrumk4DtDlyLDZY5f3fbQmvYtwIh+Ykq1dM3jVGse9MkvtuuvRshGDVtPNkKWaFV/VtJerqxYcdGGlqP750kg==",
            "content_md5": "cc4f9f102fc58f08f15ced2b74b18ae6",
            "content_sha1": "74dc0ef6bda3db0fdf9f9a4de22d2533c50b6f6b",
            "content_sha256": "556d6b5cdce545804c86f12d314b9756d0d8bcb23db5389a2606f0b8718e5344",
            "content_sha512": "759aee9a4e03b439722c3658e5fddf6d09af62dc0887e624ab574cde3546b1ef4c92fb6ebaf46c8460d5b4f36429668557f56d25eaeac5871d18696a3fbe7492",
            "directory_permission": "0777",
            "file_permission": "0777",
            "filename": "./peep_files/Tony S._fact.txt",
            "id": "74dc0ef6bda3db0fdf9f9a4de22d2533c50b6f6b",
            "sensitive_content": null,
            "source": null
          },
          "sensitive_attributes": []
        }
      ]
    }
  ],
  "check_results": null
}
